// !$*UTF8*$!
{
	archiveVersion = 1;
	classes = {
	};
	objectVersion = 50;
	objects = {

/* Begin PBXBuildFile section */
		008635F321BB9281002CED86 /* AppDelegate.swift in Sources */ = {isa = PBXBuildFile; fileRef = 008635F221BB9281002CED86 /* AppDelegate.swift */; };
		008635FC21BB9283002CED86 /* Assets.xcassets in Resources */ = {isa = PBXBuildFile; fileRef = 008635FB21BB9283002CED86 /* Assets.xcassets */; };
		008635FF21BB9283002CED86 /* LaunchScreen.storyboard in Resources */ = {isa = PBXBuildFile; fileRef = 008635FD21BB9283002CED86 /* LaunchScreen.storyboard */; };
		1949B06621F46BE100B22915 /* BaseViewController.swift in Sources */ = {isa = PBXBuildFile; fileRef = 1949B06221F46BE100B22915 /* BaseViewController.swift */; };
		1949B06721F46BE100B22915 /* MovieTableViewController.swift in Sources */ = {isa = PBXBuildFile; fileRef = 1949B06321F46BE100B22915 /* MovieTableViewController.swift */; };
		1949B06821F46BE100B22915 /* MovieCollectionViewController.swift in Sources */ = {isa = PBXBuildFile; fileRef = 1949B06421F46BE100B22915 /* MovieCollectionViewController.swift */; };
		1949B06921F46BE100B22915 /* MovieDetailViewController.swift in Sources */ = {isa = PBXBuildFile; fileRef = 1949B06521F46BE100B22915 /* MovieDetailViewController.swift */; };
		1949B06D21F46BE700B22915 /* CommentsAPIResponse.swift in Sources */ = {isa = PBXBuildFile; fileRef = 1949B06A21F46BE600B22915 /* CommentsAPIResponse.swift */; };
		1949B06E21F46BE700B22915 /* MoviesAPIResponse.swift in Sources */ = {isa = PBXBuildFile; fileRef = 1949B06B21F46BE600B22915 /* MoviesAPIResponse.swift */; };
		1949B06F21F46BE700B22915 /* MovieInfoAPIResponse.swift in Sources */ = {isa = PBXBuildFile; fileRef = 1949B06C21F46BE600B22915 /* MovieInfoAPIResponse.swift */; };
		1949B07921F46BFC00B22915 /* MovieCollectionViewCell.swift in Sources */ = {isa = PBXBuildFile; fileRef = 1949B07321F46BFC00B22915 /* MovieCollectionViewCell.swift */; };
		1949B07A21F46BFC00B22915 /* SynopsisTableViewCell.swift in Sources */ = {isa = PBXBuildFile; fileRef = 1949B07421F46BFC00B22915 /* SynopsisTableViewCell.swift */; };
		1949B07B21F46BFC00B22915 /* CommentsTableViewCell.swift in Sources */ = {isa = PBXBuildFile; fileRef = 1949B07521F46BFC00B22915 /* CommentsTableViewCell.swift */; };
		1949B07C21F46BFC00B22915 /* MovieInfoTableViewCell.swift in Sources */ = {isa = PBXBuildFile; fileRef = 1949B07621F46BFC00B22915 /* MovieInfoTableViewCell.swift */; };
		1949B07D21F46BFC00B22915 /* MovieTableViewCell.swift in Sources */ = {isa = PBXBuildFile; fileRef = 1949B07721F46BFC00B22915 /* MovieTableViewCell.swift */; };
		1949B07E21F46BFC00B22915 /* DirectorTableViewCell.swift in Sources */ = {isa = PBXBuildFile; fileRef = 1949B07821F46BFC00B22915 /* DirectorTableViewCell.swift */; };
		1949B08121F46ECA00B22915 /* Notification.Name+.swift in Sources */ = {isa = PBXBuildFile; fileRef = 1949B08021F46ECA00B22915 /* Notification.Name+.swift */; };
		1949B08321F4735400B22915 /* Network.swift in Sources */ = {isa = PBXBuildFile; fileRef = 1949B08221F4735400B22915 /* Network.swift */; };
		1949B08521F4736400B22915 /* API.swift in Sources */ = {isa = PBXBuildFile; fileRef = 1949B08421F4736400B22915 /* API.swift */; };
		1949B08721F479FE00B22915 /* Movie.swift in Sources */ = {isa = PBXBuildFile; fileRef = 1949B08621F479FE00B22915 /* Movie.swift */; };
		1949B08921F47A1900B22915 /* Comments.swift in Sources */ = {isa = PBXBuildFile; fileRef = 1949B08821F47A1900B22915 /* Comments.swift */; };

/* End PBXBuildFile section */

/* Begin PBXFileReference section */
		008635EF21BB9281002CED86 /* Boostcamp_iOS_BoxOffice.app */ = {isa = PBXFileReference; explicitFileType = wrapper.application; includeInIndex = 0; path = Boostcamp_iOS_BoxOffice.app; sourceTree = BUILT_PRODUCTS_DIR; };
		008635F221BB9281002CED86 /* AppDelegate.swift */ = {isa = PBXFileReference; lastKnownFileType = sourcecode.swift; path = AppDelegate.swift; sourceTree = "<group>"; };
		008635FB21BB9283002CED86 /* Assets.xcassets */ = {isa = PBXFileReference; lastKnownFileType = folder.assetcatalog; path = Assets.xcassets; sourceTree = "<group>"; };
		008635FE21BB9283002CED86 /* Base */ = {isa = PBXFileReference; lastKnownFileType = file.storyboard; name = Base; path = Base.lproj/LaunchScreen.storyboard; sourceTree = "<group>"; };
		0086360021BB9283002CED86 /* Info.plist */ = {isa = PBXFileReference; lastKnownFileType = text.plist.xml; path = Info.plist; sourceTree = "<group>"; };
		1949B06221F46BE100B22915 /* BaseViewController.swift */ = {isa = PBXFileReference; fileEncoding = 4; lastKnownFileType = sourcecode.swift; path = BaseViewController.swift; sourceTree = "<group>"; };
		1949B06321F46BE100B22915 /* MovieTableViewController.swift */ = {isa = PBXFileReference; fileEncoding = 4; lastKnownFileType = sourcecode.swift; path = MovieTableViewController.swift; sourceTree = "<group>"; };
		1949B06421F46BE100B22915 /* MovieCollectionViewController.swift */ = {isa = PBXFileReference; fileEncoding = 4; lastKnownFileType = sourcecode.swift; path = MovieCollectionViewController.swift; sourceTree = "<group>"; };
		1949B06521F46BE100B22915 /* MovieDetailViewController.swift */ = {isa = PBXFileReference; fileEncoding = 4; lastKnownFileType = sourcecode.swift; path = MovieDetailViewController.swift; sourceTree = "<group>"; };
		1949B06A21F46BE600B22915 /* CommentsAPIResponse.swift */ = {isa = PBXFileReference; fileEncoding = 4; lastKnownFileType = sourcecode.swift; path = CommentsAPIResponse.swift; sourceTree = "<group>"; };
		1949B06B21F46BE600B22915 /* MoviesAPIResponse.swift */ = {isa = PBXFileReference; fileEncoding = 4; lastKnownFileType = sourcecode.swift; path = MoviesAPIResponse.swift; sourceTree = "<group>"; };
		1949B06C21F46BE600B22915 /* MovieInfoAPIResponse.swift */ = {isa = PBXFileReference; fileEncoding = 4; lastKnownFileType = sourcecode.swift; path = MovieInfoAPIResponse.swift; sourceTree = "<group>"; };
		1949B07321F46BFC00B22915 /* MovieCollectionViewCell.swift */ = {isa = PBXFileReference; fileEncoding = 4; lastKnownFileType = sourcecode.swift; path = MovieCollectionViewCell.swift; sourceTree = "<group>"; };
		1949B07421F46BFC00B22915 /* SynopsisTableViewCell.swift */ = {isa = PBXFileReference; fileEncoding = 4; lastKnownFileType = sourcecode.swift; path = SynopsisTableViewCell.swift; sourceTree = "<group>"; };
		1949B07521F46BFC00B22915 /* CommentsTableViewCell.swift */ = {isa = PBXFileReference; fileEncoding = 4; lastKnownFileType = sourcecode.swift; path = CommentsTableViewCell.swift; sourceTree = "<group>"; };
		1949B07621F46BFC00B22915 /* MovieInfoTableViewCell.swift */ = {isa = PBXFileReference; fileEncoding = 4; lastKnownFileType = sourcecode.swift; path = MovieInfoTableViewCell.swift; sourceTree = "<group>"; };
		1949B07721F46BFC00B22915 /* MovieTableViewCell.swift */ = {isa = PBXFileReference; fileEncoding = 4; lastKnownFileType = sourcecode.swift; path = MovieTableViewCell.swift; sourceTree = "<group>"; };
		1949B07821F46BFC00B22915 /* DirectorTableViewCell.swift */ = {isa = PBXFileReference; fileEncoding = 4; lastKnownFileType = sourcecode.swift; path = DirectorTableViewCell.swift; sourceTree = "<group>"; };
		1949B08021F46ECA00B22915 /* Notification.Name+.swift */ = {isa = PBXFileReference; lastKnownFileType = sourcecode.swift; path = "Notification.Name+.swift"; sourceTree = "<group>"; };
		1949B08221F4735400B22915 /* Network.swift */ = {isa = PBXFileReference; lastKnownFileType = sourcecode.swift; path = Network.swift; sourceTree = "<group>"; };
		1949B08421F4736400B22915 /* API.swift */ = {isa = PBXFileReference; lastKnownFileType = sourcecode.swift; path = API.swift; sourceTree = "<group>"; };
		1949B08621F479FE00B22915 /* Movie.swift */ = {isa = PBXFileReference; lastKnownFileType = sourcecode.swift; path = Movie.swift; sourceTree = "<group>"; };
		1949B08821F47A1900B22915 /* Comments.swift */ = {isa = PBXFileReference; lastKnownFileType = sourcecode.swift; path = Comments.swift; sourceTree = "<group>"; };

/* End PBXFileReference section */

/* Begin PBXFrameworksBuildPhase section */
		008635EC21BB9281002CED86 /* Frameworks */ = {
			isa = PBXFrameworksBuildPhase;
			buildActionMask = 2147483647;
			files = (
			);
			runOnlyForDeploymentPostprocessing = 0;
		};
/* End PBXFrameworksBuildPhase section */

/* Begin PBXGroup section */
		00196C1F21BBF9CB001BC7A9 /* Supporting Files */ = {
			isa = PBXGroup;
			children = (
				008635F221BB9281002CED86 /* AppDelegate.swift */,
				008635FB21BB9283002CED86 /* Assets.xcassets */,
				008635FD21BB9283002CED86 /* LaunchScreen.storyboard */,
				0086360021BB9283002CED86 /* Info.plist */,
				AF70A09921F48C3000D899CB /* RatingEnabled.swift */,
			);
			path = "Supporting Files";
			sourceTree = "<group>";
		};
		008635E621BB9281002CED86 = {
			isa = PBXGroup;
			children = (
				008635F121BB9281002CED86 /* Boostcamp_iOS_BoxOffice */,
				008635F021BB9281002CED86 /* Products */,
			);
			sourceTree = "<group>";
		};
		008635F021BB9281002CED86 /* Products */ = {
			isa = PBXGroup;
			children = (
				008635EF21BB9281002CED86 /* Boostcamp_iOS_BoxOffice.app */,
			);
			name = Products;
			sourceTree = "<group>";
		};
		008635F121BB9281002CED86 /* Boostcamp_iOS_BoxOffice */ = {
			isa = PBXGroup;
			children = (
				1949B07021F46BF000B22915 /* Network */,
				0086360621BBDCED002CED86 /* View */,
				0086360721BBDCF3002CED86 /* Model */,
				0086360821BBDCF8002CED86 /* Controller */,
				1949B07F21F46EBD00B22915 /* Extension */,
				00196C1F21BBF9CB001BC7A9 /* Supporting Files */,
			);
			path = Boostcamp_iOS_BoxOffice;
			sourceTree = "<group>";
		};
		AF70A07621F485FC00D899CB /* Model */ = {
			isa = PBXGroup;
			children = (
				008635F821BB9281002CED86 /* Main.storyboard */,
				1949B07521F46BFC00B22915 /* CommentsTableViewCell.swift */,
				1949B07821F46BFC00B22915 /* DirectorTableViewCell.swift */,
				1949B07321F46BFC00B22915 /* MovieCollectionViewCell.swift */,
				1949B07621F46BFC00B22915 /* MovieInfoTableViewCell.swift */,
				1949B07721F46BFC00B22915 /* MovieTableViewCell.swift */,
				1949B07421F46BFC00B22915 /* SynopsisTableViewCell.swift */,
			);
			path = Model;
			sourceTree = "<group>";
		};
		AF70A07A21F485FC00D899CB /* View */ = {
			isa = PBXGroup;
			children = (
				1949B06B21F46BE600B22915 /* MoviesAPIResponse.swift */,
				1949B06C21F46BE600B22915 /* MovieInfoAPIResponse.swift */,
				1949B06A21F46BE600B22915 /* CommentsAPIResponse.swift */,
				1949B08621F479FE00B22915 /* Movie.swift */,
				1949B08821F47A1900B22915 /* Comments.swift */,
			);
			path = View;
			sourceTree = "<group>";
		};
		AF70A08321F485FC00D899CB /* Controller */ = {
			isa = PBXGroup;
			children = (
				1949B06221F46BE100B22915 /* BaseViewController.swift */,
				1949B06321F46BE100B22915 /* MovieTableViewController.swift */,
				1949B06421F46BE100B22915 /* MovieCollectionViewController.swift */,
				1949B06521F46BE100B22915 /* MovieDetailViewController.swift */,
			);
			path = Controller;
			sourceTree = "<group>";
		};

		1949B07021F46BF000B22915 /* Network */ = {
			isa = PBXGroup;
			children = (
				1949B08221F4735400B22915 /* Network.swift */,
				1949B08421F4736400B22915 /* API.swift */,
			);
			path = Network;
			sourceTree = "<group>";
		};

		1949B07F21F46EBD00B22915 /* Extension */ = {
			isa = PBXGroup;
			children = (
				1949B08021F46ECA00B22915 /* Notification.Name+.swift */,
			);
			path = Extension;
			sourceTree = "<group>";
		};

/* End PBXGroup section */

/* Begin PBXNativeTarget section */
		008635EE21BB9281002CED86 /* Boostcamp_iOS_BoxOffice */ = {
			isa = PBXNativeTarget;
			buildConfigurationList = 0086360321BB9283002CED86 /* Build configuration list for PBXNativeTarget "Boostcamp_iOS_BoxOffice" */;
			buildPhases = (
				008635EB21BB9281002CED86 /* Sources */,
				008635EC21BB9281002CED86 /* Frameworks */,
				008635ED21BB9281002CED86 /* Resources */,
			);
			buildRules = (
			);
			dependencies = (
			);
			name = Boostcamp_iOS_BoxOffice;
			productName = Boostcamp_iOS_BoxOffice;
			productReference = 008635EF21BB9281002CED86 /* Boostcamp_iOS_BoxOffice.app */;
			productType = "com.apple.product-type.application";
		};
/* End PBXNativeTarget section */

/* Begin PBXProject section */
		008635E721BB9281002CED86 /* Project object */ = {
			isa = PBXProject;
			attributes = {
				LastSwiftUpdateCheck = 1010;
				LastUpgradeCheck = 1010;
				ORGANIZATIONNAME = "이재은";
				TargetAttributes = {
					008635EE21BB9281002CED86 = {
						CreatedOnToolsVersion = 10.1;
					};
				};
			};
			buildConfigurationList = 008635EA21BB9281002CED86 /* Build configuration list for PBXProject "Boostcamp_iOS_BoxOffice" */;
			compatibilityVersion = "Xcode 9.3";
			developmentRegion = en;
			hasScannedForEncodings = 0;
			knownRegions = (
				en,
				Base,
			);
			mainGroup = 008635E621BB9281002CED86;
			productRefGroup = 008635F021BB9281002CED86 /* Products */;
			projectDirPath = "";
			projectRoot = "";
			targets = (
				008635EE21BB9281002CED86 /* Boostcamp_iOS_BoxOffice */,
			);
		};
/* End PBXProject section */

/* Begin PBXResourcesBuildPhase section */
		008635ED21BB9281002CED86 /* Resources */ = {
			isa = PBXResourcesBuildPhase;
			buildActionMask = 2147483647;
			files = (
				AF70A09021F485FC00D899CB /* Main.storyboard in Resources */,
				008635FF21BB9283002CED86 /* LaunchScreen.storyboard in Resources */,
				008635FC21BB9283002CED86 /* Assets.xcassets in Resources */,
			);
			runOnlyForDeploymentPostprocessing = 0;
		};
/* End PBXResourcesBuildPhase section */

/* Begin PBXSourcesBuildPhase section */
		008635EB21BB9281002CED86 /* Sources */ = {
			isa = PBXSourcesBuildPhase;
			buildActionMask = 2147483647;
			files = (
				1949B06721F46BE100B22915 /* MovieTableViewController.swift in Sources */,
				1949B08921F47A1900B22915 /* Comments.swift in Sources */,
				1949B07C21F46BFC00B22915 /* MovieInfoTableViewCell.swift in Sources */,
				1949B08721F479FE00B22915 /* Movie.swift in Sources */,
				1949B07D21F46BFC00B22915 /* MovieTableViewCell.swift in Sources */,
				1949B06621F46BE100B22915 /* BaseViewController.swift in Sources */,
				1949B08121F46ECA00B22915 /* Notification.Name+.swift in Sources */,
				008635F321BB9281002CED86 /* AppDelegate.swift in Sources */,
				1949B07A21F46BFC00B22915 /* SynopsisTableViewCell.swift in Sources */,
				1949B08321F4735400B22915 /* Network.swift in Sources */,
				1949B07E21F46BFC00B22915 /* DirectorTableViewCell.swift in Sources */,
				1949B06921F46BE100B22915 /* MovieDetailViewController.swift in Sources */,
				1949B06E21F46BE700B22915 /* MoviesAPIResponse.swift in Sources */,
				1949B07B21F46BFC00B22915 /* CommentsTableViewCell.swift in Sources */,
				1949B06F21F46BE700B22915 /* MovieInfoAPIResponse.swift in Sources */,
				1949B07921F46BFC00B22915 /* MovieCollectionViewCell.swift in Sources */,
				1949B06821F46BE100B22915 /* MovieCollectionViewController.swift in Sources */,
				1949B08521F4736400B22915 /* API.swift in Sources */,
				1949B06D21F46BE700B22915 /* CommentsAPIResponse.swift in Sources */,
			);
			runOnlyForDeploymentPostprocessing = 0;
		};
/* End PBXSourcesBuildPhase section */

/* Begin PBXVariantGroup section */
		008635FD21BB9283002CED86 /* LaunchScreen.storyboard */ = {
			isa = PBXVariantGroup;
			children = (
				008635FE21BB9283002CED86 /* Base */,
			);
			name = LaunchScreen.storyboard;
			sourceTree = "<group>";
		};
		AF70A07E21F485FC00D899CB /* Main.storyboard */ = {
			isa = PBXVariantGroup;
			children = (
				AF70A07F21F485FC00D899CB /* Base */,
			);
			name = Main.storyboard;
			sourceTree = "<group>";
		};
/* End PBXVariantGroup section */

/* Begin XCBuildConfiguration section */
		0086360121BB9283002CED86 /* Debug */ = {
			isa = XCBuildConfiguration;
			buildSettings = {
				ALWAYS_SEARCH_USER_PATHS = NO;
				CLANG_ANALYZER_NONNULL = YES;
				CLANG_ANALYZER_NUMBER_OBJECT_CONVERSION = YES_AGGRESSIVE;
				CLANG_CXX_LANGUAGE_STANDARD = "gnu++14";
				CLANG_CXX_LIBRARY = "libc++";
				CLANG_ENABLE_MODULES = YES;
				CLANG_ENABLE_OBJC_ARC = YES;
				CLANG_ENABLE_OBJC_WEAK = YES;
				CLANG_WARN_BLOCK_CAPTURE_AUTORELEASING = YES;
				CLANG_WARN_BOOL_CONVERSION = YES;
				CLANG_WARN_COMMA = YES;
				CLANG_WARN_CONSTANT_CONVERSION = YES;
				CLANG_WARN_DEPRECATED_OBJC_IMPLEMENTATIONS = YES;
				CLANG_WARN_DIRECT_OBJC_ISA_USAGE = YES_ERROR;
				CLANG_WARN_DOCUMENTATION_COMMENTS = YES;
				CLANG_WARN_EMPTY_BODY = YES;
				CLANG_WARN_ENUM_CONVERSION = YES;
				CLANG_WARN_INFINITE_RECURSION = YES;
				CLANG_WARN_INT_CONVERSION = YES;
				CLANG_WARN_NON_LITERAL_NULL_CONVERSION = YES;
				CLANG_WARN_OBJC_IMPLICIT_RETAIN_SELF = YES;
				CLANG_WARN_OBJC_LITERAL_CONVERSION = YES;
				CLANG_WARN_OBJC_ROOT_CLASS = YES_ERROR;
				CLANG_WARN_RANGE_LOOP_ANALYSIS = YES;
				CLANG_WARN_STRICT_PROTOTYPES = YES;
				CLANG_WARN_SUSPICIOUS_MOVE = YES;
				CLANG_WARN_UNGUARDED_AVAILABILITY = YES_AGGRESSIVE;
				CLANG_WARN_UNREACHABLE_CODE = YES;
				CLANG_WARN__DUPLICATE_METHOD_MATCH = YES;
				CODE_SIGN_IDENTITY = "iPhone Developer";
				COPY_PHASE_STRIP = NO;
				DEBUG_INFORMATION_FORMAT = dwarf;
				ENABLE_STRICT_OBJC_MSGSEND = YES;
				ENABLE_TESTABILITY = YES;
				GCC_C_LANGUAGE_STANDARD = gnu11;
				GCC_DYNAMIC_NO_PIC = NO;
				GCC_NO_COMMON_BLOCKS = YES;
				GCC_OPTIMIZATION_LEVEL = 0;
				GCC_PREPROCESSOR_DEFINITIONS = (
					"DEBUG=1",
					"$(inherited)",
				);
				GCC_WARN_64_TO_32_BIT_CONVERSION = YES;
				GCC_WARN_ABOUT_RETURN_TYPE = YES_ERROR;
				GCC_WARN_UNDECLARED_SELECTOR = YES;
				GCC_WARN_UNINITIALIZED_AUTOS = YES_AGGRESSIVE;
				GCC_WARN_UNUSED_FUNCTION = YES;
				GCC_WARN_UNUSED_VARIABLE = YES;
				IPHONEOS_DEPLOYMENT_TARGET = 12.1;
				MTL_ENABLE_DEBUG_INFO = INCLUDE_SOURCE;
				MTL_FAST_MATH = YES;
				ONLY_ACTIVE_ARCH = YES;
				SDKROOT = iphoneos;
				SWIFT_ACTIVE_COMPILATION_CONDITIONS = DEBUG;
				SWIFT_OPTIMIZATION_LEVEL = "-Onone";
			};
			name = Debug;
		};
		0086360221BB9283002CED86 /* Release */ = {
			isa = XCBuildConfiguration;
			buildSettings = {
				ALWAYS_SEARCH_USER_PATHS = NO;
				CLANG_ANALYZER_NONNULL = YES;
				CLANG_ANALYZER_NUMBER_OBJECT_CONVERSION = YES_AGGRESSIVE;
				CLANG_CXX_LANGUAGE_STANDARD = "gnu++14";
				CLANG_CXX_LIBRARY = "libc++";
				CLANG_ENABLE_MODULES = YES;
				CLANG_ENABLE_OBJC_ARC = YES;
				CLANG_ENABLE_OBJC_WEAK = YES;
				CLANG_WARN_BLOCK_CAPTURE_AUTORELEASING = YES;
				CLANG_WARN_BOOL_CONVERSION = YES;
				CLANG_WARN_COMMA = YES;
				CLANG_WARN_CONSTANT_CONVERSION = YES;
				CLANG_WARN_DEPRECATED_OBJC_IMPLEMENTATIONS = YES;
				CLANG_WARN_DIRECT_OBJC_ISA_USAGE = YES_ERROR;
				CLANG_WARN_DOCUMENTATION_COMMENTS = YES;
				CLANG_WARN_EMPTY_BODY = YES;
				CLANG_WARN_ENUM_CONVERSION = YES;
				CLANG_WARN_INFINITE_RECURSION = YES;
				CLANG_WARN_INT_CONVERSION = YES;
				CLANG_WARN_NON_LITERAL_NULL_CONVERSION = YES;
				CLANG_WARN_OBJC_IMPLICIT_RETAIN_SELF = YES;
				CLANG_WARN_OBJC_LITERAL_CONVERSION = YES;
				CLANG_WARN_OBJC_ROOT_CLASS = YES_ERROR;
				CLANG_WARN_RANGE_LOOP_ANALYSIS = YES;
				CLANG_WARN_STRICT_PROTOTYPES = YES;
				CLANG_WARN_SUSPICIOUS_MOVE = YES;
				CLANG_WARN_UNGUARDED_AVAILABILITY = YES_AGGRESSIVE;
				CLANG_WARN_UNREACHABLE_CODE = YES;
				CLANG_WARN__DUPLICATE_METHOD_MATCH = YES;
				CODE_SIGN_IDENTITY = "iPhone Developer";
				COPY_PHASE_STRIP = NO;
				DEBUG_INFORMATION_FORMAT = "dwarf-with-dsym";
				ENABLE_NS_ASSERTIONS = NO;
				ENABLE_STRICT_OBJC_MSGSEND = YES;
				GCC_C_LANGUAGE_STANDARD = gnu11;
				GCC_NO_COMMON_BLOCKS = YES;
				GCC_WARN_64_TO_32_BIT_CONVERSION = YES;
				GCC_WARN_ABOUT_RETURN_TYPE = YES_ERROR;
				GCC_WARN_UNDECLARED_SELECTOR = YES;
				GCC_WARN_UNINITIALIZED_AUTOS = YES_AGGRESSIVE;
				GCC_WARN_UNUSED_FUNCTION = YES;
				GCC_WARN_UNUSED_VARIABLE = YES;
				IPHONEOS_DEPLOYMENT_TARGET = 12.1;
				MTL_ENABLE_DEBUG_INFO = NO;
				MTL_FAST_MATH = YES;
				SDKROOT = iphoneos;
				SWIFT_COMPILATION_MODE = wholemodule;
				SWIFT_OPTIMIZATION_LEVEL = "-O";
				VALIDATE_PRODUCT = YES;
			};
			name = Release;
		};
		0086360421BB9283002CED86 /* Debug */ = {
			isa = XCBuildConfiguration;
			buildSettings = {
				ASSETCATALOG_COMPILER_APPICON_NAME = AppIcon;
				CODE_SIGN_STYLE = Automatic;
				DEVELOPMENT_TEAM = H79MF628K3;
				INFOPLIST_FILE = "$(SRCROOT)/Boostcamp_iOS_BoxOffice/Supporting Files/Info.plist";
				LD_RUNPATH_SEARCH_PATHS = (
					"$(inherited)",
					"@executable_path/Frameworks",
				);
				PRODUCT_BUNDLE_IDENTIFIER = "kr.ac.swu.cd.Boostcamp-iOS-BoxOffice";
				PRODUCT_NAME = "$(TARGET_NAME)";
				SWIFT_VERSION = 4.2;
				TARGETED_DEVICE_FAMILY = "1,2";
			};
			name = Debug;
		};
		0086360521BB9283002CED86 /* Release */ = {
			isa = XCBuildConfiguration;
			buildSettings = {
				ASSETCATALOG_COMPILER_APPICON_NAME = AppIcon;
				CODE_SIGN_STYLE = Automatic;
				DEVELOPMENT_TEAM = H79MF628K3;
				INFOPLIST_FILE = "$(SRCROOT)/Boostcamp_iOS_BoxOffice/Supporting Files/Info.plist";
				LD_RUNPATH_SEARCH_PATHS = (
					"$(inherited)",
					"@executable_path/Frameworks",
				);
				PRODUCT_BUNDLE_IDENTIFIER = "kr.ac.swu.cd.Boostcamp-iOS-BoxOffice";
				PRODUCT_NAME = "$(TARGET_NAME)";
				SWIFT_VERSION = 4.2;
				TARGETED_DEVICE_FAMILY = "1,2";
			};
			name = Release;
		};
/* End XCBuildConfiguration section */

/* Begin XCConfigurationList section */
		008635EA21BB9281002CED86 /* Build configuration list for PBXProject "Boostcamp_iOS_BoxOffice" */ = {
			isa = XCConfigurationList;
			buildConfigurations = (
				0086360121BB9283002CED86 /* Debug */,
				0086360221BB9283002CED86 /* Release */,
			);
			defaultConfigurationIsVisible = 0;
			defaultConfigurationName = Release;
		};
		0086360321BB9283002CED86 /* Build configuration list for PBXNativeTarget "Boostcamp_iOS_BoxOffice" */ = {
			isa = XCConfigurationList;
			buildConfigurations = (
				0086360421BB9283002CED86 /* Debug */,
				0086360521BB9283002CED86 /* Release */,
			);
			defaultConfigurationIsVisible = 0;
			defaultConfigurationName = Release;
		};
/* End XCConfigurationList section */
	};
	rootObject = 008635E721BB9281002CED86 /* Project object */;
}
