// !$*UTF8*$!
{
	archiveVersion = 1;
	classes = {
	};
	objectVersion = 50;
	objects = {

/* Begin PBXBuildFile section */
		008635F321BB9281002CED86 /* AppDelegate.swift in Sources */ = {isa = PBXBuildFile; fileRef = 008635F221BB9281002CED86 /* AppDelegate.swift */; };
		008635FA21BB9281002CED86 /* Main.storyboard in Resources */ = {isa = PBXBuildFile; fileRef = 008635F821BB9281002CED86 /* Main.storyboard */; };
		008635FC21BB9283002CED86 /* Assets.xcassets in Resources */ = {isa = PBXBuildFile; fileRef = 008635FB21BB9283002CED86 /* Assets.xcassets */; };
		008635FF21BB9283002CED86 /* LaunchScreen.storyboard in Resources */ = {isa = PBXBuildFile; fileRef = 008635FD21BB9283002CED86 /* LaunchScreen.storyboard */; };
		0086360E21BBDDCC002CED86 /* MovieCollectionViewCell.swift in Sources */ = {isa = PBXBuildFile; fileRef = 0086360D21BBDDCC002CED86 /* MovieCollectionViewCell.swift */; };
		0086361021BBDDDB002CED86 /* MovieTableViewCell.swift in Sources */ = {isa = PBXBuildFile; fileRef = 0086360F21BBDDDB002CED86 /* MovieTableViewCell.swift */; };
		0086361221BBE551002CED86 /* MovieTableViewController.swift in Sources */ = {isa = PBXBuildFile; fileRef = 0086361121BBE551002CED86 /* MovieTableViewController.swift */; };
		0086361421BBE55E002CED86 /* MovieCollectionViewController.swift in Sources */ = {isa = PBXBuildFile; fileRef = 0086361321BBE55E002CED86 /* MovieCollectionViewController.swift */; };
/* End PBXBuildFile section */

/* Begin PBXFileReference section */
		008635EF21BB9281002CED86 /* Boostcamp_iOS_BoxOffice.app */ = {isa = PBXFileReference; explicitFileType = wrapper.application; includeInIndex = 0; path = Boostcamp_iOS_BoxOffice.app; sourceTree = BUILT_PRODUCTS_DIR; };
		008635F221BB9281002CED86 /* AppDelegate.swift */ = {isa = PBXFileReference; lastKnownFileType = sourcecode.swift; path = AppDelegate.swift; sourceTree = "<group>"; };
		008635F921BB9281002CED86 /* Base */ = {isa = PBXFileReference; lastKnownFileType = file.storyboard; name = Base; path = Base.lproj/Main.storyboard; sourceTree = "<group>"; };
		008635FB21BB9283002CED86 /* Assets.xcassets */ = {isa = PBXFileReference; lastKnownFileType = folder.assetcatalog; path = Assets.xcassets; sourceTree = "<group>"; };
		008635FE21BB9283002CED86 /* Base */ = {isa = PBXFileReference; lastKnownFileType = file.storyboard; name = Base; path = Base.lproj/LaunchScreen.storyboard; sourceTree = "<group>"; };
		0086360021BB9283002CED86 /* Info.plist */ = {isa = PBXFileReference; lastKnownFileType = text.plist.xml; path = Info.plist; sourceTree = "<group>"; };
		0086360D21BBDDCC002CED86 /* MovieCollectionViewCell.swift */ = {isa = PBXFileReference; lastKnownFileType = sourcecode.swift; path = MovieCollectionViewCell.swift; sourceTree = "<group>"; };
		0086360F21BBDDDB002CED86 /* MovieTableViewCell.swift */ = {isa = PBXFileReference; lastKnownFileType = sourcecode.swift; path = MovieTableViewCell.swift; sourceTree = "<group>"; };
		0086361121BBE551002CED86 /* MovieTableViewController.swift */ = {isa = PBXFileReference; lastKnownFileType = sourcecode.swift; path = MovieTableViewController.swift; sourceTree = "<group>"; };
		0086361321BBE55E002CED86 /* MovieCollectionViewController.swift */ = {isa = PBXFileReference; lastKnownFileType = sourcecode.swift; path = MovieCollectionViewController.swift; sourceTree = "<group>"; };
/* End PBXFileReference section */

/* Begin PBXFrameworksBuildPhase section */
		008635EC21BB9281002CED86 /* Frameworks */ = {
			isa = PBXFrameworksBuildPhase;
			buildActionMask = 2147483647;
			files = (
			);
			runOnlyForDeploymentPostprocessing = 0;
		};
/* End PBXFrameworksBuildPhase section */

/* Begin PBXGroup section */
		008635E621BB9281002CED86 = {
			isa = PBXGroup;
			children = (
				008635F121BB9281002CED86 /* Boostcamp_iOS_BoxOffice */,
				008635F021BB9281002CED86 /* Products */,
			);
			sourceTree = "<group>";
		};
		008635F021BB9281002CED86 /* Products */ = {
			isa = PBXGroup;
			children = (
				008635EF21BB9281002CED86 /* Boostcamp_iOS_BoxOffice.app */,
			);
			name = Products;
			sourceTree = "<group>";
		};
		008635F121BB9281002CED86 /* Boostcamp_iOS_BoxOffice */ = {
			isa = PBXGroup;
			children = (
				0086360621BBDCED002CED86 /* View */,
				0086360721BBDCF3002CED86 /* Model */,
				0086360821BBDCF8002CED86 /* Controller */,
				008635F221BB9281002CED86 /* AppDelegate.swift */,
				008635F821BB9281002CED86 /* Main.storyboard */,
				008635FB21BB9283002CED86 /* Assets.xcassets */,
				008635FD21BB9283002CED86 /* LaunchScreen.storyboard */,
				0086360021BB9283002CED86 /* Info.plist */,
			);
			path = Boostcamp_iOS_BoxOffice;
			sourceTree = "<group>";
		};
		0086360621BBDCED002CED86 /* View */ = {
			isa = PBXGroup;
			children = (
				0086360D21BBDDCC002CED86 /* MovieCollectionViewCell.swift */,
				0086360F21BBDDDB002CED86 /* MovieTableViewCell.swift */,
			);
			path = View;
			sourceTree = "<group>";
		};
		0086360721BBDCF3002CED86 /* Model */ = {
			isa = PBXGroup;
			children = (
			);
			path = Model;
			sourceTree = "<group>";
		};
		0086360821BBDCF8002CED86 /* Controller */ = {
			isa = PBXGroup;
			children = (
				0086361121BBE551002CED86 /* MovieTableViewController.swift */,
				0086361321BBE55E002CED86 /* MovieCollectionViewController.swift */,
			);
			path = Controller;
			sourceTree = "<group>";
		};
/* End PBXGroup section */

/* Begin PBXNativeTarget section */
		008635EE21BB9281002CED86 /* Boostcamp_iOS_BoxOffice */ = {
			isa = PBXNativeTarget;
			buildConfigurationList = 0086360321BB9283002CED86 /* Build configuration list for PBXNativeTarget "Boostcamp_iOS_BoxOffice" */;
			buildPhases = (
				008635EB21BB9281002CED86 /* Sources */,
				008635EC21BB9281002CED86 /* Frameworks */,
				008635ED21BB9281002CED86 /* Resources */,
			);
			buildRules = (
			);
			dependencies = (
			);
			name = Boostcamp_iOS_BoxOffice;
			productName = Boostcamp_iOS_BoxOffice;
			productReference = 008635EF21BB9281002CED86 /* Boostcamp_iOS_BoxOffice.app */;
			productType = "com.apple.product-type.application";
		};
/* End PBXNativeTarget section */

/* Begin PBXProject section */
		008635E721BB9281002CED86 /* Project object */ = {
			isa = PBXProject;
			attributes = {
				LastSwiftUpdateCheck = 1010;
				LastUpgradeCheck = 1010;
				ORGANIZATIONNAME = "이재은";
				TargetAttributes = {
					008635EE21BB9281002CED86 = {
						CreatedOnToolsVersion = 10.1;
					};
				};
			};
			buildConfigurationList = 008635EA21BB9281002CED86 /* Build configuration list for PBXProject "Boostcamp_iOS_BoxOffice" */;
			compatibilityVersion = "Xcode 9.3";
			developmentRegion = en;
			hasScannedForEncodings = 0;
			knownRegions = (
				en,
				Base,
			);
			mainGroup = 008635E621BB9281002CED86;
			productRefGroup = 008635F021BB9281002CED86 /* Products */;
			projectDirPath = "";
			projectRoot = "";
			targets = (
				008635EE21BB9281002CED86 /* Boostcamp_iOS_BoxOffice */,
			);
		};
/* End PBXProject section */

/* Begin PBXResourcesBuildPhase section */
		008635ED21BB9281002CED86 /* Resources */ = {
			isa = PBXResourcesBuildPhase;
			buildActionMask = 2147483647;
			files = (
				008635FF21BB9283002CED86 /* LaunchScreen.storyboard in Resources */,
				008635FC21BB9283002CED86 /* Assets.xcassets in Resources */,
				008635FA21BB9281002CED86 /* Main.storyboard in Resources */,
			);
			runOnlyForDeploymentPostprocessing = 0;
		};
/* End PBXResourcesBuildPhase section */

/* Begin PBXSourcesBuildPhase section */
		008635EB21BB9281002CED86 /* Sources */ = {
			isa = PBXSourcesBuildPhase;
			buildActionMask = 2147483647;
			files = (
				0086361221BBE551002CED86 /* MovieTableViewController.swift in Sources */,
				0086361021BBDDDB002CED86 /* MovieTableViewCell.swift in Sources */,
				0086361421BBE55E002CED86 /* MovieCollectionViewController.swift in Sources */,
				008635F321BB9281002CED86 /* AppDelegate.swift in Sources */,
				0086360E21BBDDCC002CED86 /* MovieCollectionViewCell.swift in Sources */,
			);
			runOnlyForDeploymentPostprocessing = 0;
		};
/* End PBXSourcesBuildPhase section */

/* Begin PBXVariantGroup section */
		008635F821BB9281002CED86 /* Main.storyboard */ = {
			isa = PBXVariantGroup;
			children = (
				008635F921BB9281002CED86 /* Base */,
			);
			name = Main.storyboard;
			sourceTree = "<group>";
		};
		008635FD21BB9283002CED86 /* LaunchScreen.storyboard */ = {
			isa = PBXVariantGroup;
			children = (
				008635FE21BB9283002CED86 /* Base */,
			);
			name = LaunchScreen.storyboard;
			sourceTree = "<group>";
		};
/* End PBXVariantGroup section */

/* Begin XCBuildConfiguration section */
		0086360121BB9283002CED86 /* Debug */ = {
			isa = XCBuildConfiguration;
			buildSettings = {
				ALWAYS_SEARCH_USER_PATHS = NO;
				CLANG_ANALYZER_NONNULL = YES;
				CLANG_ANALYZER_NUMBER_OBJECT_CONVERSION = YES_AGGRESSIVE;
				CLANG_CXX_LANGUAGE_STANDARD = "gnu++14";
				CLANG_CXX_LIBRARY = "libc++";
				CLANG_ENABLE_MODULES = YES;
				CLANG_ENABLE_OBJC_ARC = YES;
				CLANG_ENABLE_OBJC_WEAK = YES;
				CLANG_WARN_BLOCK_CAPTURE_AUTORELEASING = YES;
				CLANG_WARN_BOOL_CONVERSION = YES;
				CLANG_WARN_COMMA = YES;
				CLANG_WARN_CONSTANT_CONVERSION = YES;
				CLANG_WARN_DEPRECATED_OBJC_IMPLEMENTATIONS = YES;
				CLANG_WARN_DIRECT_OBJC_ISA_USAGE = YES_ERROR;
				CLANG_WARN_DOCUMENTATION_COMMENTS = YES;
				CLANG_WARN_EMPTY_BODY = YES;
				CLANG_WARN_ENUM_CONVERSION = YES;
				CLANG_WARN_INFINITE_RECURSION = YES;
				CLANG_WARN_INT_CONVERSION = YES;
				CLANG_WARN_NON_LITERAL_NULL_CONVERSION = YES;
				CLANG_WARN_OBJC_IMPLICIT_RETAIN_SELF = YES;
				CLANG_WARN_OBJC_LITERAL_CONVERSION = YES;
				CLANG_WARN_OBJC_ROOT_CLASS = YES_ERROR;
				CLANG_WARN_RANGE_LOOP_ANALYSIS = YES;
				CLANG_WARN_STRICT_PROTOTYPES = YES;
				CLANG_WARN_SUSPICIOUS_MOVE = YES;
				CLANG_WARN_UNGUARDED_AVAILABILITY = YES_AGGRESSIVE;
				CLANG_WARN_UNREACHABLE_CODE = YES;
				CLANG_WARN__DUPLICATE_METHOD_MATCH = YES;
				CODE_SIGN_IDENTITY = "iPhone Developer";
				COPY_PHASE_STRIP = NO;
				DEBUG_INFORMATION_FORMAT = dwarf;
				ENABLE_STRICT_OBJC_MSGSEND = YES;
				ENABLE_TESTABILITY = YES;
				GCC_C_LANGUAGE_STANDARD = gnu11;
				GCC_DYNAMIC_NO_PIC = NO;
				GCC_NO_COMMON_BLOCKS = YES;
				GCC_OPTIMIZATION_LEVEL = 0;
				GCC_PREPROCESSOR_DEFINITIONS = (
					"DEBUG=1",
					"$(inherited)",
				);
				GCC_WARN_64_TO_32_BIT_CONVERSION = YES;
				GCC_WARN_ABOUT_RETURN_TYPE = YES_ERROR;
				GCC_WARN_UNDECLARED_SELECTOR = YES;
				GCC_WARN_UNINITIALIZED_AUTOS = YES_AGGRESSIVE;
				GCC_WARN_UNUSED_FUNCTION = YES;
				GCC_WARN_UNUSED_VARIABLE = YES;
				IPHONEOS_DEPLOYMENT_TARGET = 12.1;
				MTL_ENABLE_DEBUG_INFO = INCLUDE_SOURCE;
				MTL_FAST_MATH = YES;
				ONLY_ACTIVE_ARCH = YES;
				SDKROOT = iphoneos;
				SWIFT_ACTIVE_COMPILATION_CONDITIONS = DEBUG;
				SWIFT_OPTIMIZATION_LEVEL = "-Onone";
			};
			name = Debug;
		};
		0086360221BB9283002CED86 /* Release */ = {
			isa = XCBuildConfiguration;
			buildSettings = {
				ALWAYS_SEARCH_USER_PATHS = NO;
				CLANG_ANALYZER_NONNULL = YES;
				CLANG_ANALYZER_NUMBER_OBJECT_CONVERSION = YES_AGGRESSIVE;
				CLANG_CXX_LANGUAGE_STANDARD = "gnu++14";
				CLANG_CXX_LIBRARY = "libc++";
				CLANG_ENABLE_MODULES = YES;
				CLANG_ENABLE_OBJC_ARC = YES;
				CLANG_ENABLE_OBJC_WEAK = YES;
				CLANG_WARN_BLOCK_CAPTURE_AUTORELEASING = YES;
				CLANG_WARN_BOOL_CONVERSION = YES;
				CLANG_WARN_COMMA = YES;
				CLANG_WARN_CONSTANT_CONVERSION = YES;
				CLANG_WARN_DEPRECATED_OBJC_IMPLEMENTATIONS = YES;
				CLANG_WARN_DIRECT_OBJC_ISA_USAGE = YES_ERROR;
				CLANG_WARN_DOCUMENTATION_COMMENTS = YES;
				CLANG_WARN_EMPTY_BODY = YES;
				CLANG_WARN_ENUM_CONVERSION = YES;
				CLANG_WARN_INFINITE_RECURSION = YES;
				CLANG_WARN_INT_CONVERSION = YES;
				CLANG_WARN_NON_LITERAL_NULL_CONVERSION = YES;
				CLANG_WARN_OBJC_IMPLICIT_RETAIN_SELF = YES;
				CLANG_WARN_OBJC_LITERAL_CONVERSION = YES;
				CLANG_WARN_OBJC_ROOT_CLASS = YES_ERROR;
				CLANG_WARN_RANGE_LOOP_ANALYSIS = YES;
				CLANG_WARN_STRICT_PROTOTYPES = YES;
				CLANG_WARN_SUSPICIOUS_MOVE = YES;
				CLANG_WARN_UNGUARDED_AVAILABILITY = YES_AGGRESSIVE;
				CLANG_WARN_UNREACHABLE_CODE = YES;
				CLANG_WARN__DUPLICATE_METHOD_MATCH = YES;
				CODE_SIGN_IDENTITY = "iPhone Developer";
				COPY_PHASE_STRIP = NO;
				DEBUG_INFORMATION_FORMAT = "dwarf-with-dsym";
				ENABLE_NS_ASSERTIONS = NO;
				ENABLE_STRICT_OBJC_MSGSEND = YES;
				GCC_C_LANGUAGE_STANDARD = gnu11;
				GCC_NO_COMMON_BLOCKS = YES;
				GCC_WARN_64_TO_32_BIT_CONVERSION = YES;
				GCC_WARN_ABOUT_RETURN_TYPE = YES_ERROR;
				GCC_WARN_UNDECLARED_SELECTOR = YES;
				GCC_WARN_UNINITIALIZED_AUTOS = YES_AGGRESSIVE;
				GCC_WARN_UNUSED_FUNCTION = YES;
				GCC_WARN_UNUSED_VARIABLE = YES;
				IPHONEOS_DEPLOYMENT_TARGET = 12.1;
				MTL_ENABLE_DEBUG_INFO = NO;
				MTL_FAST_MATH = YES;
				SDKROOT = iphoneos;
				SWIFT_COMPILATION_MODE = wholemodule;
				SWIFT_OPTIMIZATION_LEVEL = "-O";
				VALIDATE_PRODUCT = YES;
			};
			name = Release;
		};
		0086360421BB9283002CED86 /* Debug */ = {
			isa = XCBuildConfiguration;
			buildSettings = {
				ASSETCATALOG_COMPILER_APPICON_NAME = AppIcon;
				CODE_SIGN_STYLE = Automatic;
				DEVELOPMENT_TEAM = R78643UTJ5;
				INFOPLIST_FILE = Boostcamp_iOS_BoxOffice/Info.plist;
				LD_RUNPATH_SEARCH_PATHS = (
					"$(inherited)",
					"@executable_path/Frameworks",
				);
				PRODUCT_BUNDLE_IDENTIFIER = "kr.ac.swu.cd.Boostcamp-iOS-BoxOffice";
				PRODUCT_NAME = "$(TARGET_NAME)";
				SWIFT_VERSION = 4.2;
				TARGETED_DEVICE_FAMILY = "1,2";
			};
			name = Debug;
		};
		0086360521BB9283002CED86 /* Release */ = {
			isa = XCBuildConfiguration;
			buildSettings = {
				ASSETCATALOG_COMPILER_APPICON_NAME = AppIcon;
				CODE_SIGN_STYLE = Automatic;
				DEVELOPMENT_TEAM = R78643UTJ5;
				INFOPLIST_FILE = Boostcamp_iOS_BoxOffice/Info.plist;
				LD_RUNPATH_SEARCH_PATHS = (
					"$(inherited)",
					"@executable_path/Frameworks",
				);
				PRODUCT_BUNDLE_IDENTIFIER = "kr.ac.swu.cd.Boostcamp-iOS-BoxOffice";
				PRODUCT_NAME = "$(TARGET_NAME)";
				SWIFT_VERSION = 4.2;
				TARGETED_DEVICE_FAMILY = "1,2";
			};
			name = Release;
		};
/* End XCBuildConfiguration section */

/* Begin XCConfigurationList section */
		008635EA21BB9281002CED86 /* Build configuration list for PBXProject "Boostcamp_iOS_BoxOffice" */ = {
			isa = XCConfigurationList;
			buildConfigurations = (
				0086360121BB9283002CED86 /* Debug */,
				0086360221BB9283002CED86 /* Release */,
			);
			defaultConfigurationIsVisible = 0;
			defaultConfigurationName = Release;
		};
		0086360321BB9283002CED86 /* Build configuration list for PBXNativeTarget "Boostcamp_iOS_BoxOffice" */ = {
			isa = XCConfigurationList;
			buildConfigurations = (
				0086360421BB9283002CED86 /* Debug */,
				0086360521BB9283002CED86 /* Release */,
			);
			defaultConfigurationIsVisible = 0;
			defaultConfigurationName = Release;
		};
/* End XCConfigurationList section */
	};
	rootObject = 008635E721BB9281002CED86 /* Project object */;
}
